
Microsoft Visual Studio Solution File, Format Version 12.00
# Visual Studio Version 17
VisualStudioVersion = 17.5.33516.290
MinimumVisualStudioVersion = 10.0.40219.1
Project("{9A19103F-16F7-4668-BE54-9A1E7A4F7556}") = "task24", "task24\task24.csproj", "{F34ED3AF-CC77-42B3-A397-3146CD232360}"
EndProject
Global
	GlobalSection(SolutionConfigurationPlatforms) = preSolution
		Debug|Any CPU = Debug|Any CPU
		Release|Any CPU = Release|Any CPU
	EndGlobalSection
	GlobalSection(ProjectConfigurationPlatforms) = postSolution
		{F34ED3AF-CC77-42B3-A397-3146CD232360}.Debug|Any CPU.ActiveCfg = Debug|Any CPU
		{F34ED3AF-CC77-42B3-A397-3146CD232360}.Debug|Any CPU.Build.0 = Debug|Any CPU
		{F34ED3AF-CC77-42B3-A397-3146CD232360}.Release|Any CPU.ActiveCfg = Release|Any CPU
		{F34ED3AF-CC77-42B3-A397-3146CD232360}.Release|Any CPU.Build.0 = Release|Any CPU
	EndGlobalSection
	GlobalSection(SolutionProperties) = preSolution
		HideSolutionNode = FALSE
	EndGlobalSection
	GlobalSection(ExtensibilityGlobals) = postSolution
		SolutionGuid = {65D99291-4675-4D9C-9701-9F7533CC429E}
	EndGlobalSection
EndGlobal
